
Microsoft Visual Studio Solution File, Format Version 12.00
# Visual Studio Version 16
VisualStudioVersion = 16.0.31105.61
MinimumVisualStudioVersion = 10.0.40219.1
Project("{FAE04EC0-301F-11D3-BF4B-00C04F79EFBC}") = "ThuVien", "ThuVien.csproj", "{F621DE2A-38D2-4E48-9954-266D8290BED7}"
EndProject
Global
	GlobalSection(SolutionConfigurationPlatforms) = preSolution
		Debug|Any CPU = Debug|Any CPU
		Release|Any CPU = Release|Any CPU
	EndGlobalSection
	GlobalSection(ProjectConfigurationPlatforms) = postSolution
		{F621DE2A-38D2-4E48-9954-266D8290BED7}.Debug|Any CPU.ActiveCfg = Debug|Any CPU
		{F621DE2A-38D2-4E48-9954-266D8290BED7}.Debug|Any CPU.Build.0 = Debug|Any CPU
		{F621DE2A-38D2-4E48-9954-266D8290BED7}.Release|Any CPU.ActiveCfg = Release|Any CPU
		{F621DE2A-38D2-4E48-9954-266D8290BED7}.Release|Any CPU.Build.0 = Release|Any CPU
	EndGlobalSection
	GlobalSection(SolutionProperties) = preSolution
		HideSolutionNode = FALSE
	EndGlobalSection
	GlobalSection(ExtensibilityGlobals) = postSolution
		SolutionGuid = {87FC00EB-F4E8-448D-85D4-DDB923A5EC69}
	EndGlobalSection
EndGlobal
